<?xml version="1.0" encoding="UTF-8" standalone="yes" ?>
<CodeBlocks_project_file>
	<FileVersion major="1" minor="6" />
	<Project>
		<Option title="Henry&apos;s SDL2 Game" />
		<Option pch_mode="2" />
		<Option compiler="gcc" />
		<Build>
			<Target title="Debug">
				<Option output="bin/Debug/Henry&apos;s SDL2 Game" prefix_auto="1" extension_auto="1" />
				<Option object_output="obj/Debug/" />
				<Option type="1" />
				<Option compiler="gcc" />
				<Compiler>
					<Add option="-std=c17" />
					<Add option="-g" />
					<Add directory="Core" />
					<Add directory="Objects/" />
					<Add directory="D:/SonHai/AdvancedProgramming/HenrySDL2Game/Objects/" />
				</Compiler>
			</Target>
			<Target title="Release">
				<Option output="bin/Release/Henry&apos;s SDL2 Game" prefix_auto="1" extension_auto="1" />
				<Option object_output="obj/Release/" />
				<Option type="1" />
				<Option compiler="gcc" />
				<Compiler>
					<Add option="-O2" />
					<Add directory="Core" />
					<Add directory="Objects/" />
					<Add directory="D:/Son Hai/Advanced Programming/Henry&apos;s SDL2 Game/Objects/" />
				</Compiler>
				<Linker>
					<Add option="-s" />
				</Linker>
			</Target>
		</Build>
		<Compiler>
			<Add option="-Wall" />
			<Add option="-std=c++17" />
			<Add option="-fexceptions" />
		</Compiler>
		<Unit filename="Core/Engine.cpp" />
		<Unit filename="Core/Engine.h" />
		<Unit filename="Objects/Enemy.cpp" />
		<Unit filename="Objects/Enemy.h" />
		<Unit filename="Objects/GameObject.cpp" />
		<Unit filename="Objects/GameObject.h" />
		<Unit filename="Objects/Player.cpp" />
		<Unit filename="Objects/Player.h" />
		<Unit filename="assets/enemy/ramosshocked.png" />
		<Unit filename="assets/enemy/ramostackle.png" />
		<Unit filename="assets/grasstexture.jpg" />
		<Unit filename="assets/player/messi.png" />
		<Unit filename="assets/player/messidead.png" />
		<Unit filename="assets/player/messidown.png" />
		<Unit filename="assets/player/messiright.png" />
		<Unit filename="assets/player/messistill.png" />
		<Unit filename="assets/player/messiup.png" />
		<Unit filename="main.cpp" />
		<Extensions />
	</Project>
</CodeBlocks_project_file>
